
Microsoft Visual Studio Solution File, Format Version 12.00
# Visual Studio Version 17
VisualStudioVersion = 17.1.32421.90
MinimumVisualStudioVersion = 10.0.40219.1
Project("{9A19103F-16F7-4668-BE54-9A1E7A4F7556}") = "Task_7_1_4", "Task_7_1_4\Task_7_1_4.csproj", "{9DA1416E-73A9-4A6C-ACA6-F1C0B13DD367}"
EndProject
Project("{9A19103F-16F7-4668-BE54-9A1E7A4F7556}") = "Task_7_1_5", "Task_7_1_5\Task_7_1_5.csproj", "{A59D2723-A99F-4967-8911-C9520727E775}"
EndProject
Project("{9A19103F-16F7-4668-BE54-9A1E7A4F7556}") = "Task_7_1_6", "Task_7_1_6\Task_7_1_6.csproj", "{E5322BB1-4161-4684-9220-E64F171AC061}"
EndProject
Project("{9A19103F-16F7-4668-BE54-9A1E7A4F7556}") = "Task_7_1_10", "Task_7_1_10\Task_7_1_10.csproj", "{D60B19F5-5C90-4C3A-8CD4-F61F67B13D8A}"
EndProject
Project("{9A19103F-16F7-4668-BE54-9A1E7A4F7556}") = "Task_7_2_3", "Task_7_2_3\Task_7_2_3.csproj", "{8A2C9290-A446-45E3-95F0-7D5C1AAFFF4C}"
EndProject
Project("{9A19103F-16F7-4668-BE54-9A1E7A4F7556}") = "Task_7_2_4", "Task_7_2_4\Task_7_2_4.csproj", "{21AE7B6A-ED52-41B5-853E-31C78B93E14A}"
EndProject
Project("{9A19103F-16F7-4668-BE54-9A1E7A4F7556}") = "Task_7_2_5", "Task_7_2_5\Task_7_2_5.csproj", "{8606F13D-5854-48FD-ACC1-5E784C665315}"
EndProject
Project("{9A19103F-16F7-4668-BE54-9A1E7A4F7556}") = "Task_7_2_7", "Task_7_2_7\Task_7_2_7.csproj", "{8BE5816C-1BBF-48E5-A178-68ADB64731E5}"
EndProject
Project("{9A19103F-16F7-4668-BE54-9A1E7A4F7556}") = "Task_7_2_12", "Task_7_2_12\Task_7_2_12.csproj", "{82B2527A-1E60-4E00-A284-198F9AF0CF25}"
EndProject
Project("{9A19103F-16F7-4668-BE54-9A1E7A4F7556}") = "Task_7_5_3", "Task_7_5_3\Task_7_5_3.csproj", "{DF67F1D0-7FB2-4BC9-B7F2-B8ACDD514DD5}"
EndProject
Project("{FAE04EC0-301F-11D3-BF4B-00C04F79EFBC}") = "Task_7.5.2", "Task_7.5.2\Task_7.5.2.csproj", "{186943A1-A85E-407D-A581-BA5F100E4B0B}"
EndProject
Project("{FAE04EC0-301F-11D3-BF4B-00C04F79EFBC}") = "Task_7_5_5", "Task_7_5_5\Task_7_5_5.csproj", "{0FE28680-488A-47B9-B0D7-5597F5F9DF54}"
EndProject
Project("{FAE04EC0-301F-11D3-BF4B-00C04F79EFBC}") = "Task_7_5_9", "Task_7_5_9\Task_7_5_9.csproj", "{D91191C2-F859-4177-85EA-B7AF31287904}"
EndProject
Project("{FAE04EC0-301F-11D3-BF4B-00C04F79EFBC}") = "Task_7_6_2", "Task_7_6_2\Task_7_6_2.csproj", "{9E69296E-9BAF-4608-B068-C82473912221}"
EndProject
Project("{FAE04EC0-301F-11D3-BF4B-00C04F79EFBC}") = "Task_7_6_5", "Task_7_6_5\Task_7_6_5.csproj", "{CCE4A1D8-24A2-4865-8113-DDD4838EA927}"
EndProject
Project("{FAE04EC0-301F-11D3-BF4B-00C04F79EFBC}") = "Task_7_6_7", "Task_7_6_7\Task_7_6_7.csproj", "{667122D9-81AC-4DD8-8313-B79370922B23}"
EndProject
Global
	GlobalSection(SolutionConfigurationPlatforms) = preSolution
		Debug|Any CPU = Debug|Any CPU
		Release|Any CPU = Release|Any CPU
	EndGlobalSection
	GlobalSection(ProjectConfigurationPlatforms) = postSolution
		{9DA1416E-73A9-4A6C-ACA6-F1C0B13DD367}.Debug|Any CPU.ActiveCfg = Debug|Any CPU
		{9DA1416E-73A9-4A6C-ACA6-F1C0B13DD367}.Debug|Any CPU.Build.0 = Debug|Any CPU
		{9DA1416E-73A9-4A6C-ACA6-F1C0B13DD367}.Release|Any CPU.ActiveCfg = Release|Any CPU
		{9DA1416E-73A9-4A6C-ACA6-F1C0B13DD367}.Release|Any CPU.Build.0 = Release|Any CPU
		{A59D2723-A99F-4967-8911-C9520727E775}.Debug|Any CPU.ActiveCfg = Debug|Any CPU
		{A59D2723-A99F-4967-8911-C9520727E775}.Debug|Any CPU.Build.0 = Debug|Any CPU
		{A59D2723-A99F-4967-8911-C9520727E775}.Release|Any CPU.ActiveCfg = Release|Any CPU
		{A59D2723-A99F-4967-8911-C9520727E775}.Release|Any CPU.Build.0 = Release|Any CPU
		{E5322BB1-4161-4684-9220-E64F171AC061}.Debug|Any CPU.ActiveCfg = Debug|Any CPU
		{E5322BB1-4161-4684-9220-E64F171AC061}.Debug|Any CPU.Build.0 = Debug|Any CPU
		{E5322BB1-4161-4684-9220-E64F171AC061}.Release|Any CPU.ActiveCfg = Release|Any CPU
		{E5322BB1-4161-4684-9220-E64F171AC061}.Release|Any CPU.Build.0 = Release|Any CPU
		{D60B19F5-5C90-4C3A-8CD4-F61F67B13D8A}.Debug|Any CPU.ActiveCfg = Debug|Any CPU
		{D60B19F5-5C90-4C3A-8CD4-F61F67B13D8A}.Debug|Any CPU.Build.0 = Debug|Any CPU
		{D60B19F5-5C90-4C3A-8CD4-F61F67B13D8A}.Release|Any CPU.ActiveCfg = Release|Any CPU
		{D60B19F5-5C90-4C3A-8CD4-F61F67B13D8A}.Release|Any CPU.Build.0 = Release|Any CPU
		{8A2C9290-A446-45E3-95F0-7D5C1AAFFF4C}.Debug|Any CPU.ActiveCfg = Debug|Any CPU
		{8A2C9290-A446-45E3-95F0-7D5C1AAFFF4C}.Debug|Any CPU.Build.0 = Debug|Any CPU
		{8A2C9290-A446-45E3-95F0-7D5C1AAFFF4C}.Release|Any CPU.ActiveCfg = Release|Any CPU
		{8A2C9290-A446-45E3-95F0-7D5C1AAFFF4C}.Release|Any CPU.Build.0 = Release|Any CPU
		{21AE7B6A-ED52-41B5-853E-31C78B93E14A}.Debug|Any CPU.ActiveCfg = Debug|Any CPU
		{21AE7B6A-ED52-41B5-853E-31C78B93E14A}.Debug|Any CPU.Build.0 = Debug|Any CPU
		{21AE7B6A-ED52-41B5-853E-31C78B93E14A}.Release|Any CPU.ActiveCfg = Release|Any CPU
		{21AE7B6A-ED52-41B5-853E-31C78B93E14A}.Release|Any CPU.Build.0 = Release|Any CPU
		{8606F13D-5854-48FD-ACC1-5E784C665315}.Debug|Any CPU.ActiveCfg = Debug|Any CPU
		{8606F13D-5854-48FD-ACC1-5E784C665315}.Debug|Any CPU.Build.0 = Debug|Any CPU
		{8606F13D-5854-48FD-ACC1-5E784C665315}.Release|Any CPU.ActiveCfg = Release|Any CPU
		{8606F13D-5854-48FD-ACC1-5E784C665315}.Release|Any CPU.Build.0 = Release|Any CPU
		{8BE5816C-1BBF-48E5-A178-68ADB64731E5}.Debug|Any CPU.ActiveCfg = Debug|Any CPU
		{8BE5816C-1BBF-48E5-A178-68ADB64731E5}.Debug|Any CPU.Build.0 = Debug|Any CPU
		{8BE5816C-1BBF-48E5-A178-68ADB64731E5}.Release|Any CPU.ActiveCfg = Release|Any CPU
		{8BE5816C-1BBF-48E5-A178-68ADB64731E5}.Release|Any CPU.Build.0 = Release|Any CPU
		{82B2527A-1E60-4E00-A284-198F9AF0CF25}.Debug|Any CPU.ActiveCfg = Debug|Any CPU
		{82B2527A-1E60-4E00-A284-198F9AF0CF25}.Debug|Any CPU.Build.0 = Debug|Any CPU
		{82B2527A-1E60-4E00-A284-198F9AF0CF25}.Release|Any CPU.ActiveCfg = Release|Any CPU
		{82B2527A-1E60-4E00-A284-198F9AF0CF25}.Release|Any CPU.Build.0 = Release|Any CPU
		{DF67F1D0-7FB2-4BC9-B7F2-B8ACDD514DD5}.Debug|Any CPU.ActiveCfg = Debug|Any CPU
		{DF67F1D0-7FB2-4BC9-B7F2-B8ACDD514DD5}.Debug|Any CPU.Build.0 = Debug|Any CPU
		{DF67F1D0-7FB2-4BC9-B7F2-B8ACDD514DD5}.Release|Any CPU.ActiveCfg = Release|Any CPU
		{DF67F1D0-7FB2-4BC9-B7F2-B8ACDD514DD5}.Release|Any CPU.Build.0 = Release|Any CPU
		{186943A1-A85E-407D-A581-BA5F100E4B0B}.Debug|Any CPU.ActiveCfg = Debug|Any CPU
		{186943A1-A85E-407D-A581-BA5F100E4B0B}.Debug|Any CPU.Build.0 = Debug|Any CPU
		{186943A1-A85E-407D-A581-BA5F100E4B0B}.Release|Any CPU.ActiveCfg = Release|Any CPU
		{186943A1-A85E-407D-A581-BA5F100E4B0B}.Release|Any CPU.Build.0 = Release|Any CPU
		{0FE28680-488A-47B9-B0D7-5597F5F9DF54}.Debug|Any CPU.ActiveCfg = Debug|Any CPU
		{0FE28680-488A-47B9-B0D7-5597F5F9DF54}.Debug|Any CPU.Build.0 = Debug|Any CPU
		{0FE28680-488A-47B9-B0D7-5597F5F9DF54}.Release|Any CPU.ActiveCfg = Release|Any CPU
		{0FE28680-488A-47B9-B0D7-5597F5F9DF54}.Release|Any CPU.Build.0 = Release|Any CPU
		{D91191C2-F859-4177-85EA-B7AF31287904}.Debug|Any CPU.ActiveCfg = Debug|Any CPU
		{D91191C2-F859-4177-85EA-B7AF31287904}.Debug|Any CPU.Build.0 = Debug|Any CPU
		{D91191C2-F859-4177-85EA-B7AF31287904}.Release|Any CPU.ActiveCfg = Release|Any CPU
		{D91191C2-F859-4177-85EA-B7AF31287904}.Release|Any CPU.Build.0 = Release|Any CPU
		{9E69296E-9BAF-4608-B068-C82473912221}.Debug|Any CPU.ActiveCfg = Debug|Any CPU
		{9E69296E-9BAF-4608-B068-C82473912221}.Debug|Any CPU.Build.0 = Debug|Any CPU
		{9E69296E-9BAF-4608-B068-C82473912221}.Release|Any CPU.ActiveCfg = Release|Any CPU
		{9E69296E-9BAF-4608-B068-C82473912221}.Release|Any CPU.Build.0 = Release|Any CPU
		{CCE4A1D8-24A2-4865-8113-DDD4838EA927}.Debug|Any CPU.ActiveCfg = Debug|Any CPU
		{CCE4A1D8-24A2-4865-8113-DDD4838EA927}.Debug|Any CPU.Build.0 = Debug|Any CPU
		{CCE4A1D8-24A2-4865-8113-DDD4838EA927}.Release|Any CPU.ActiveCfg = Release|Any CPU
		{CCE4A1D8-24A2-4865-8113-DDD4838EA927}.Release|Any CPU.Build.0 = Release|Any CPU
		{667122D9-81AC-4DD8-8313-B79370922B23}.Debug|Any CPU.ActiveCfg = Debug|Any CPU
		{667122D9-81AC-4DD8-8313-B79370922B23}.Debug|Any CPU.Build.0 = Debug|Any CPU
		{667122D9-81AC-4DD8-8313-B79370922B23}.Release|Any CPU.ActiveCfg = Release|Any CPU
		{667122D9-81AC-4DD8-8313-B79370922B23}.Release|Any CPU.Build.0 = Release|Any CPU
	EndGlobalSection
	GlobalSection(SolutionProperties) = preSolution
		HideSolutionNode = FALSE
	EndGlobalSection
	GlobalSection(ExtensibilityGlobals) = postSolution
		SolutionGuid = {76AA67EC-C1A2-429B-BA6D-EB55575FC812}
	EndGlobalSection
EndGlobal
