
Microsoft Visual Studio Solution File, Format Version 12.00
# Visual Studio Version 17
VisualStudioVersion = 17.1.32421.90
MinimumVisualStudioVersion = 10.0.40219.1
Project("{FAE04EC0-301F-11D3-BF4B-00C04F79EFBC}") = "Task_7_1_4", "Task_7_1_4\Task_7_1_4.csproj", "{9DA1416E-73A9-4A6C-ACA6-F1C0B13DD367}"
EndProject
Project("{FAE04EC0-301F-11D3-BF4B-00C04F79EFBC}") = "Task_7_1_5", "Task_7_1_5\Task_7_1_5.csproj", "{A59D2723-A99F-4967-8911-C9520727E775}"
EndProject
Project("{FAE04EC0-301F-11D3-BF4B-00C04F79EFBC}") = "Task_7_1_6", "Task_7_1_6\Task_7_1_6.csproj", "{E5322BB1-4161-4684-9220-E64F171AC061}"
EndProject
Project("{FAE04EC0-301F-11D3-BF4B-00C04F79EFBC}") = "Task_7_1_10", "Task_7_1_10\Task_7_1_10.csproj", "{D60B19F5-5C90-4C3A-8CD4-F61F67B13D8A}"
EndProject
Project("{FAE04EC0-301F-11D3-BF4B-00C04F79EFBC}") = "Task_7_2_3", "Task_7_2_3\Task_7_2_3.csproj", "{8A2C9290-A446-45E3-95F0-7D5C1AAFFF4C}"
EndProject
Project("{FAE04EC0-301F-11D3-BF4B-00C04F79EFBC}") = "Task_7_2_4", "Task_7_2_4\Task_7_2_4.csproj", "{21AE7B6A-ED52-41B5-853E-31C78B93E14A}"
EndProject
Project("{FAE04EC0-301F-11D3-BF4B-00C04F79EFBC}") = "Task_7_2_5", "Task_7_2_5\Task_7_2_5.csproj", "{8606F13D-5854-48FD-ACC1-5E784C665315}"
EndProject
Project("{FAE04EC0-301F-11D3-BF4B-00C04F79EFBC}") = "Task_7_2_7", "Task_7_2_7\Task_7_2_7.csproj", "{8BE5816C-1BBF-48E5-A178-68ADB64731E5}"
EndProject
Global
	GlobalSection(SolutionConfigurationPlatforms) = preSolution
		Debug|Any CPU = Debug|Any CPU
		Release|Any CPU = Release|Any CPU
	EndGlobalSection
	GlobalSection(ProjectConfigurationPlatforms) = postSolution
		{9DA1416E-73A9-4A6C-ACA6-F1C0B13DD367}.Debug|Any CPU.ActiveCfg = Debug|Any CPU
		{9DA1416E-73A9-4A6C-ACA6-F1C0B13DD367}.Debug|Any CPU.Build.0 = Debug|Any CPU
		{9DA1416E-73A9-4A6C-ACA6-F1C0B13DD367}.Release|Any CPU.ActiveCfg = Release|Any CPU
		{9DA1416E-73A9-4A6C-ACA6-F1C0B13DD367}.Release|Any CPU.Build.0 = Release|Any CPU
		{A59D2723-A99F-4967-8911-C9520727E775}.Debug|Any CPU.ActiveCfg = Debug|Any CPU
		{A59D2723-A99F-4967-8911-C9520727E775}.Debug|Any CPU.Build.0 = Debug|Any CPU
		{A59D2723-A99F-4967-8911-C9520727E775}.Release|Any CPU.ActiveCfg = Release|Any CPU
		{A59D2723-A99F-4967-8911-C9520727E775}.Release|Any CPU.Build.0 = Release|Any CPU
		{E5322BB1-4161-4684-9220-E64F171AC061}.Debug|Any CPU.ActiveCfg = Debug|Any CPU
		{E5322BB1-4161-4684-9220-E64F171AC061}.Debug|Any CPU.Build.0 = Debug|Any CPU
		{E5322BB1-4161-4684-9220-E64F171AC061}.Release|Any CPU.ActiveCfg = Release|Any CPU
		{E5322BB1-4161-4684-9220-E64F171AC061}.Release|Any CPU.Build.0 = Release|Any CPU
		{D60B19F5-5C90-4C3A-8CD4-F61F67B13D8A}.Debug|Any CPU.ActiveCfg = Debug|Any CPU
		{D60B19F5-5C90-4C3A-8CD4-F61F67B13D8A}.Debug|Any CPU.Build.0 = Debug|Any CPU
		{D60B19F5-5C90-4C3A-8CD4-F61F67B13D8A}.Release|Any CPU.ActiveCfg = Release|Any CPU
		{D60B19F5-5C90-4C3A-8CD4-F61F67B13D8A}.Release|Any CPU.Build.0 = Release|Any CPU
		{8A2C9290-A446-45E3-95F0-7D5C1AAFFF4C}.Debug|Any CPU.ActiveCfg = Debug|Any CPU
		{8A2C9290-A446-45E3-95F0-7D5C1AAFFF4C}.Debug|Any CPU.Build.0 = Debug|Any CPU
		{8A2C9290-A446-45E3-95F0-7D5C1AAFFF4C}.Release|Any CPU.ActiveCfg = Release|Any CPU
		{8A2C9290-A446-45E3-95F0-7D5C1AAFFF4C}.Release|Any CPU.Build.0 = Release|Any CPU
		{21AE7B6A-ED52-41B5-853E-31C78B93E14A}.Debug|Any CPU.ActiveCfg = Debug|Any CPU
		{21AE7B6A-ED52-41B5-853E-31C78B93E14A}.Debug|Any CPU.Build.0 = Debug|Any CPU
		{21AE7B6A-ED52-41B5-853E-31C78B93E14A}.Release|Any CPU.ActiveCfg = Release|Any CPU
		{21AE7B6A-ED52-41B5-853E-31C78B93E14A}.Release|Any CPU.Build.0 = Release|Any CPU
		{8606F13D-5854-48FD-ACC1-5E784C665315}.Debug|Any CPU.ActiveCfg = Debug|Any CPU
		{8606F13D-5854-48FD-ACC1-5E784C665315}.Debug|Any CPU.Build.0 = Debug|Any CPU
		{8606F13D-5854-48FD-ACC1-5E784C665315}.Release|Any CPU.ActiveCfg = Release|Any CPU
		{8606F13D-5854-48FD-ACC1-5E784C665315}.Release|Any CPU.Build.0 = Release|Any CPU
		{8BE5816C-1BBF-48E5-A178-68ADB64731E5}.Debug|Any CPU.ActiveCfg = Debug|Any CPU
		{8BE5816C-1BBF-48E5-A178-68ADB64731E5}.Debug|Any CPU.Build.0 = Debug|Any CPU
		{8BE5816C-1BBF-48E5-A178-68ADB64731E5}.Release|Any CPU.ActiveCfg = Release|Any CPU
		{8BE5816C-1BBF-48E5-A178-68ADB64731E5}.Release|Any CPU.Build.0 = Release|Any CPU
	EndGlobalSection
	GlobalSection(SolutionProperties) = preSolution
		HideSolutionNode = FALSE
	EndGlobalSection
	GlobalSection(ExtensibilityGlobals) = postSolution
		SolutionGuid = {76AA67EC-C1A2-429B-BA6D-EB55575FC812}
	EndGlobalSection
EndGlobal
